{
  "requires": true,
  "lockfileVersion": 1,
  "dependencies": {
    "backbone.localstorage": {
      "version": "2.1.0",
      "resolved": "https://registry.npmjs.org/backbone.localstorage/-/backbone.localstorage-2.1.0.tgz",
      "integrity": "sha512-NzLWYsMg6qyag3q4CUGh9QJLkbVlenUdFzQSR/0ueBB7ePgGvZ3VfvBAqwUp4x9a2JliphXEIrFVVqSOQJbuvQ=="
    }
  }
}
